// !$*UTF8*$!
{
	archiveVersion = 1;
	classes = {
	};
	objectVersion = 55;
	objects = {

/* Begin PBXBuildFile section */
		1CE5406A2846A9D200F051D7 /* TrackuccinoApp.swift in Sources */ = {isa = PBXBuildFile; fileRef = 1CE540692846A9D200F051D7 /* TrackuccinoApp.swift */; };
		1CE5406C2846A9D200F051D7 /* ContentView.swift in Sources */ = {isa = PBXBuildFile; fileRef = 1CE5406B2846A9D200F051D7 /* ContentView.swift */; };
		1CE5406E2846A9D300F051D7 /* Assets.xcassets in Resources */ = {isa = PBXBuildFile; fileRef = 1CE5406D2846A9D300F051D7 /* Assets.xcassets */; };
		1CE540712846A9D300F051D7 /* Preview Assets.xcassets in Resources */ = {isa = PBXBuildFile; fileRef = 1CE540702846A9D300F051D7 /* Preview Assets.xcassets */; };
		1CE5407B2846A9D300F051D7 /* TrackuccinoTests.swift in Sources */ = {isa = PBXBuildFile; fileRef = 1CE5407A2846A9D300F051D7 /* TrackuccinoTests.swift */; };
		1CE540852846A9D300F051D7 /* TrackuccinoUITests.swift in Sources */ = {isa = PBXBuildFile; fileRef = 1CE540842846A9D300F051D7 /* TrackuccinoUITests.swift */; };
		1CE540872846A9D300F051D7 /* TrackuccinoUITestsLaunchTests.swift in Sources */ = {isa = PBXBuildFile; fileRef = 1CE540862846A9D300F051D7 /* TrackuccinoUITestsLaunchTests.swift */; };
/* End PBXBuildFile section */

/* Begin PBXContainerItemProxy section */
		1CE540772846A9D300F051D7 /* PBXContainerItemProxy */ = {
			isa = PBXContainerItemProxy;
			containerPortal = 1CE5405E2846A9D200F051D7 /* Project object */;
			proxyType = 1;
			remoteGlobalIDString = 1CE540652846A9D200F051D7;
			remoteInfo = Trackuccino;
		};
		1CE540812846A9D300F051D7 /* PBXContainerItemProxy */ = {
			isa = PBXContainerItemProxy;
			containerPortal = 1CE5405E2846A9D200F051D7 /* Project object */;
			proxyType = 1;
			remoteGlobalIDString = 1CE540652846A9D200F051D7;
			remoteInfo = Trackuccino;
		};
/* End PBXContainerItemProxy section */

/* Begin PBXFileReference section */
		1CE540662846A9D200F051D7 /* Trackuccino.app */ = {isa = PBXFileReference; explicitFileType = wrapper.application; includeInIndex = 0; path = Trackuccino.app; sourceTree = BUILT_PRODUCTS_DIR; };
		1CE540692846A9D200F051D7 /* TrackuccinoApp.swift */ = {isa = PBXFileReference; lastKnownFileType = sourcecode.swift; path = TrackuccinoApp.swift; sourceTree = "<group>"; };
		1CE5406B2846A9D200F051D7 /* ContentView.swift */ = {isa = PBXFileReference; lastKnownFileType = sourcecode.swift; path = ContentView.swift; sourceTree = "<group>"; };
		1CE5406D2846A9D300F051D7 /* Assets.xcassets */ = {isa = PBXFileReference; lastKnownFileType = folder.assetcatalog; path = Assets.xcassets; sourceTree = "<group>"; };
		1CE540702846A9D300F051D7 /* Preview Assets.xcassets */ = {isa = PBXFileReference; lastKnownFileType = folder.assetcatalog; path = "Preview Assets.xcassets"; sourceTree = "<group>"; };
		1CE540762846A9D300F051D7 /* TrackuccinoTests.xctest */ = {isa = PBXFileReference; explicitFileType = wrapper.cfbundle; includeInIndex = 0; path = TrackuccinoTests.xctest; sourceTree = BUILT_PRODUCTS_DIR; };
		1CE5407A2846A9D300F051D7 /* TrackuccinoTests.swift */ = {isa = PBXFileReference; lastKnownFileType = sourcecode.swift; path = TrackuccinoTests.swift; sourceTree = "<group>"; };
		1CE540802846A9D300F051D7 /* TrackuccinoUITests.xctest */ = {isa = PBXFileReference; explicitFileType = wrapper.cfbundle; includeInIndex = 0; path = TrackuccinoUITests.xctest; sourceTree = BUILT_PRODUCTS_DIR; };
		1CE540842846A9D300F051D7 /* TrackuccinoUITests.swift */ = {isa = PBXFileReference; lastKnownFileType = sourcecode.swift; path = TrackuccinoUITests.swift; sourceTree = "<group>"; };
		1CE540862846A9D300F051D7 /* TrackuccinoUITestsLaunchTests.swift */ = {isa = PBXFileReference; lastKnownFileType = sourcecode.swift; path = TrackuccinoUITestsLaunchTests.swift; sourceTree = "<group>"; };
/* End PBXFileReference section */

/* Begin PBXFrameworksBuildPhase section */
		1CE540632846A9D200F051D7 /* Frameworks */ = {
			isa = PBXFrameworksBuildPhase;
			buildActionMask = 2147483647;
			files = (
			);
			runOnlyForDeploymentPostprocessing = 0;
		};
		1CE540732846A9D300F051D7 /* Frameworks */ = {
			isa = PBXFrameworksBuildPhase;
			buildActionMask = 2147483647;
			files = (
			);
			runOnlyForDeploymentPostprocessing = 0;
		};
		1CE5407D2846A9D300F051D7 /* Frameworks */ = {
			isa = PBXFrameworksBuildPhase;
			buildActionMask = 2147483647;
			files = (
			);
			runOnlyForDeploymentPostprocessing = 0;
		};
/* End PBXFrameworksBuildPhase section */

/* Begin PBXGroup section */
		1CE5405D2846A9D200F051D7 = {
			isa = PBXGroup;
			children = (
				1CE540682846A9D200F051D7 /* Trackuccino */,
				1CE540792846A9D300F051D7 /* TrackuccinoTests */,
				1CE540832846A9D300F051D7 /* TrackuccinoUITests */,
				1CE540672846A9D200F051D7 /* Products */,
			);
			sourceTree = "<group>";
		};
		1CE540672846A9D200F051D7 /* Products */ = {
			isa = PBXGroup;
			children = (
				1CE540662846A9D200F051D7 /* Trackuccino.app */,
				1CE540762846A9D300F051D7 /* TrackuccinoTests.xctest */,
				1CE540802846A9D300F051D7 /* TrackuccinoUITests.xctest */,
			);
			name = Products;
			sourceTree = "<group>";
		};
		1CE540682846A9D200F051D7 /* Trackuccino */ = {
			isa = PBXGroup;
			children = (
				1CE540692846A9D200F051D7 /* TrackuccinoApp.swift */,
				1CE5406B2846A9D200F051D7 /* ContentView.swift */,
				1CE5406D2846A9D300F051D7 /* Assets.xcassets */,
				1CE5406F2846A9D300F051D7 /* Preview Content */,
			);
			path = Trackuccino;
			sourceTree = "<group>";
		};
		1CE5406F2846A9D300F051D7 /* Preview Content */ = {
			isa = PBXGroup;
			children = (
				1CE540702846A9D300F051D7 /* Preview Assets.xcassets */,
			);
			path = "Preview Content";
			sourceTree = "<group>";
		};
		1CE540792846A9D300F051D7 /* TrackuccinoTests */ = {
			isa = PBXGroup;
			children = (
				1CE5407A2846A9D300F051D7 /* TrackuccinoTests.swift */,
			);
			path = TrackuccinoTests;
			sourceTree = "<group>";
		};
		1CE540832846A9D300F051D7 /* TrackuccinoUITests */ = {
			isa = PBXGroup;
			children = (
				1CE540842846A9D300F051D7 /* TrackuccinoUITests.swift */,
				1CE540862846A9D300F051D7 /* TrackuccinoUITestsLaunchTests.swift */,
			);
			path = TrackuccinoUITests;
			sourceTree = "<group>";
		};
/* End PBXGroup section */

/* Begin PBXNativeTarget section */
		1CE540652846A9D200F051D7 /* Trackuccino */ = {
			isa = PBXNativeTarget;
			buildConfigurationList = 1CE5408A2846A9D300F051D7 /* Build configuration list for PBXNativeTarget "Trackuccino" */;
			buildPhases = (
				1CE540622846A9D200F051D7 /* Sources */,
				1CE540632846A9D200F051D7 /* Frameworks */,
				1CE540642846A9D200F051D7 /* Resources */,
			);
			buildRules = (
			);
			dependencies = (
			);
			name = Trackuccino;
			productName = Trackuccino;
			productReference = 1CE540662846A9D200F051D7 /* Trackuccino.app */;
			productType = "com.apple.product-type.application";
		};
		1CE540752846A9D300F051D7 /* TrackuccinoTests */ = {
			isa = PBXNativeTarget;
			buildConfigurationList = 1CE5408D2846A9D300F051D7 /* Build configuration list for PBXNativeTarget "TrackuccinoTests" */;
			buildPhases = (
				1CE540722846A9D300F051D7 /* Sources */,
				1CE540732846A9D300F051D7 /* Frameworks */,
				1CE540742846A9D300F051D7 /* Resources */,
			);
			buildRules = (
			);
			dependencies = (
				1CE540782846A9D300F051D7 /* PBXTargetDependency */,
			);
			name = TrackuccinoTests;
			productName = TrackuccinoTests;
			productReference = 1CE540762846A9D300F051D7 /* TrackuccinoTests.xctest */;
			productType = "com.apple.product-type.bundle.unit-test";
		};
		1CE5407F2846A9D300F051D7 /* TrackuccinoUITests */ = {
			isa = PBXNativeTarget;
			buildConfigurationList = 1CE540902846A9D300F051D7 /* Build configuration list for PBXNativeTarget "TrackuccinoUITests" */;
			buildPhases = (
				1CE5407C2846A9D300F051D7 /* Sources */,
				1CE5407D2846A9D300F051D7 /* Frameworks */,
				1CE5407E2846A9D300F051D7 /* Resources */,
			);
			buildRules = (
			);
			dependencies = (
				1CE540822846A9D300F051D7 /* PBXTargetDependency */,
			);
			name = TrackuccinoUITests;
			productName = TrackuccinoUITests;
			productReference = 1CE540802846A9D300F051D7 /* TrackuccinoUITests.xctest */;
			productType = "com.apple.product-type.bundle.ui-testing";
		};
/* End PBXNativeTarget section */

/* Begin PBXProject section */
		1CE5405E2846A9D200F051D7 /* Project object */ = {
			isa = PBXProject;
			attributes = {
				BuildIndependentTargetsInParallel = 1;
				LastSwiftUpdateCheck = 1340;
				LastUpgradeCheck = 1340;
				TargetAttributes = {
					1CE540652846A9D200F051D7 = {
						CreatedOnToolsVersion = 13.4;
					};
					1CE540752846A9D300F051D7 = {
						CreatedOnToolsVersion = 13.4;
						TestTargetID = 1CE540652846A9D200F051D7;
					};
					1CE5407F2846A9D300F051D7 = {
						CreatedOnToolsVersion = 13.4;
						TestTargetID = 1CE540652846A9D200F051D7;
					};
				};
			};
			buildConfigurationList = 1CE540612846A9D200F051D7 /* Build configuration list for PBXProject "Trackuccino" */;
			compatibilityVersion = "Xcode 13.0";
			developmentRegion = en;
			hasScannedForEncodings = 0;
			knownRegions = (
				en,
				Base,
			);
			mainGroup = 1CE5405D2846A9D200F051D7;
			productRefGroup = 1CE540672846A9D200F051D7 /* Products */;
			projectDirPath = "";
			projectRoot = "";
			targets = (
				1CE540652846A9D200F051D7 /* Trackuccino */,
				1CE540752846A9D300F051D7 /* TrackuccinoTests */,
				1CE5407F2846A9D300F051D7 /* TrackuccinoUITests */,
			);
		};
/* End PBXProject section */

/* Begin PBXResourcesBuildPhase section */
		1CE540642846A9D200F051D7 /* Resources */ = {
			isa = PBXResourcesBuildPhase;
			buildActionMask = 2147483647;
			files = (
				1CE540712846A9D300F051D7 /* Preview Assets.xcassets in Resources */,
				1CE5406E2846A9D300F051D7 /* Assets.xcassets in Resources */,
			);
			runOnlyForDeploymentPostprocessing = 0;
		};
		1CE540742846A9D300F051D7 /* Resources */ = {
			isa = PBXResourcesBuildPhase;
			buildActionMask = 2147483647;
			files = (
			);
			runOnlyForDeploymentPostprocessing = 0;
		};
		1CE5407E2846A9D300F051D7 /* Resources */ = {
			isa = PBXResourcesBuildPhase;
			buildActionMask = 2147483647;
			files = (
			);
			runOnlyForDeploymentPostprocessing = 0;
		};
/* End PBXResourcesBuildPhase section */

/* Begin PBXSourcesBuildPhase section */
		1CE540622846A9D200F051D7 /* Sources */ = {
			isa = PBXSourcesBuildPhase;
			buildActionMask = 2147483647;
			files = (
				1CE5406C2846A9D200F051D7 /* ContentView.swift in Sources */,
				1CE5406A2846A9D200F051D7 /* TrackuccinoApp.swift in Sources */,
			);
			runOnlyForDeploymentPostprocessing = 0;
		};
		1CE540722846A9D300F051D7 /* Sources */ = {
			isa = PBXSourcesBuildPhase;
			buildActionMask = 2147483647;
			files = (
				1CE5407B2846A9D300F051D7 /* TrackuccinoTests.swift in Sources */,
			);
			runOnlyForDeploymentPostprocessing = 0;
		};
		1CE5407C2846A9D300F051D7 /* Sources */ = {
			isa = PBXSourcesBuildPhase;
			buildActionMask = 2147483647;
			files = (
				1CE540852846A9D300F051D7 /* TrackuccinoUITests.swift in Sources */,
				1CE540872846A9D300F051D7 /* TrackuccinoUITestsLaunchTests.swift in Sources */,
			);
			runOnlyForDeploymentPostprocessing = 0;
		};
/* End PBXSourcesBuildPhase section */

/* Begin PBXTargetDependency section */
		1CE540782846A9D300F051D7 /* PBXTargetDependency */ = {
			isa = PBXTargetDependency;
			target = 1CE540652846A9D200F051D7 /* Trackuccino */;
			targetProxy = 1CE540772846A9D300F051D7 /* PBXContainerItemProxy */;
		};
		1CE540822846A9D300F051D7 /* PBXTargetDependency */ = {
			isa = PBXTargetDependency;
			target = 1CE540652846A9D200F051D7 /* Trackuccino */;
			targetProxy = 1CE540812846A9D300F051D7 /* PBXContainerItemProxy */;
		};
/* End PBXTargetDependency section */

/* Begin XCBuildConfiguration section */
		1CE540882846A9D300F051D7 /* Debug */ = {
			isa = XCBuildConfiguration;
			buildSettings = {
				ALWAYS_SEARCH_USER_PATHS = NO;
				CLANG_ANALYZER_NONNULL = YES;
				CLANG_ANALYZER_NUMBER_OBJECT_CONVERSION = YES_AGGRESSIVE;
				CLANG_CXX_LANGUAGE_STANDARD = "gnu++17";
				CLANG_ENABLE_MODULES = YES;
				CLANG_ENABLE_OBJC_ARC = YES;
				CLANG_ENABLE_OBJC_WEAK = YES;
				CLANG_WARN_BLOCK_CAPTURE_AUTORELEASING = YES;
				CLANG_WARN_BOOL_CONVERSION = YES;
				CLANG_WARN_COMMA = YES;
				CLANG_WARN_CONSTANT_CONVERSION = YES;
				CLANG_WARN_DEPRECATED_OBJC_IMPLEMENTATIONS = YES;
				CLANG_WARN_DIRECT_OBJC_ISA_USAGE = YES_ERROR;
				CLANG_WARN_DOCUMENTATION_COMMENTS = YES;
				CLANG_WARN_EMPTY_BODY = YES;
				CLANG_WARN_ENUM_CONVERSION = YES;
				CLANG_WARN_INFINITE_RECURSION = YES;
				CLANG_WARN_INT_CONVERSION = YES;
				CLANG_WARN_NON_LITERAL_NULL_CONVERSION = YES;
				CLANG_WARN_OBJC_IMPLICIT_RETAIN_SELF = YES;
				CLANG_WARN_OBJC_LITERAL_CONVERSION = YES;
				CLANG_WARN_OBJC_ROOT_CLASS = YES_ERROR;
				CLANG_WARN_QUOTED_INCLUDE_IN_FRAMEWORK_HEADER = YES;
				CLANG_WARN_RANGE_LOOP_ANALYSIS = YES;
				CLANG_WARN_STRICT_PROTOTYPES = YES;
				CLANG_WARN_SUSPICIOUS_MOVE = YES;
				CLANG_WARN_UNGUARDED_AVAILABILITY = YES_AGGRESSIVE;
				CLANG_WARN_UNREACHABLE_CODE = YES;
				CLANG_WARN__DUPLICATE_METHOD_MATCH = YES;
				COPY_PHASE_STRIP = NO;
				DEBUG_INFORMATION_FORMAT = dwarf;
				ENABLE_STRICT_OBJC_MSGSEND = YES;
				ENABLE_TESTABILITY = YES;
				GCC_C_LANGUAGE_STANDARD = gnu11;
				GCC_DYNAMIC_NO_PIC = NO;
				GCC_NO_COMMON_BLOCKS = YES;
				GCC_OPTIMIZATION_LEVEL = 0;
				GCC_PREPROCESSOR_DEFINITIONS = (
					"DEBUG=1",
					"$(inherited)",
				);
				GCC_WARN_64_TO_32_BIT_CONVERSION = YES;
				GCC_WARN_ABOUT_RETURN_TYPE = YES_ERROR;
				GCC_WARN_UNDECLARED_SELECTOR = YES;
				GCC_WARN_UNINITIALIZED_AUTOS = YES_AGGRESSIVE;
				GCC_WARN_UNUSED_FUNCTION = YES;
				GCC_WARN_UNUSED_VARIABLE = YES;
				IPHONEOS_DEPLOYMENT_TARGET = 15.5;
				MTL_ENABLE_DEBUG_INFO = INCLUDE_SOURCE;
				MTL_FAST_MATH = YES;
				ONLY_ACTIVE_ARCH = YES;
				SDKROOT = iphoneos;
				SWIFT_ACTIVE_COMPILATION_CONDITIONS = DEBUG;
				SWIFT_OPTIMIZATION_LEVEL = "-Onone";
			};
			name = Debug;
		};
		1CE540892846A9D300F051D7 /* Release */ = {
			isa = XCBuildConfiguration;
			buildSettings = {
				ALWAYS_SEARCH_USER_PATHS = NO;
				CLANG_ANALYZER_NONNULL = YES;
				CLANG_ANALYZER_NUMBER_OBJECT_CONVERSION = YES_AGGRESSIVE;
				CLANG_CXX_LANGUAGE_STANDARD = "gnu++17";
				CLANG_ENABLE_MODULES = YES;
				CLANG_ENABLE_OBJC_ARC = YES;
				CLANG_ENABLE_OBJC_WEAK = YES;
				CLANG_WARN_BLOCK_CAPTURE_AUTORELEASING = YES;
				CLANG_WARN_BOOL_CONVERSION = YES;
				CLANG_WARN_COMMA = YES;
				CLANG_WARN_CONSTANT_CONVERSION = YES;
				CLANG_WARN_DEPRECATED_OBJC_IMPLEMENTATIONS = YES;
				CLANG_WARN_DIRECT_OBJC_ISA_USAGE = YES_ERROR;
				CLANG_WARN_DOCUMENTATION_COMMENTS = YES;
				CLANG_WARN_EMPTY_BODY = YES;
				CLANG_WARN_ENUM_CONVERSION = YES;
				CLANG_WARN_INFINITE_RECURSION = YES;
				CLANG_WARN_INT_CONVERSION = YES;
				CLANG_WARN_NON_LITERAL_NULL_CONVERSION = YES;
				CLANG_WARN_OBJC_IMPLICIT_RETAIN_SELF = YES;
				CLANG_WARN_OBJC_LITERAL_CONVERSION = YES;
				CLANG_WARN_OBJC_ROOT_CLASS = YES_ERROR;
				CLANG_WARN_QUOTED_INCLUDE_IN_FRAMEWORK_HEADER = YES;
				CLANG_WARN_RANGE_LOOP_ANALYSIS = YES;
				CLANG_WARN_STRICT_PROTOTYPES = YES;
				CLANG_WARN_SUSPICIOUS_MOVE = YES;
				CLANG_WARN_UNGUARDED_AVAILABILITY = YES_AGGRESSIVE;
				CLANG_WARN_UNREACHABLE_CODE = YES;
				CLANG_WARN__DUPLICATE_METHOD_MATCH = YES;
				COPY_PHASE_STRIP = NO;
				DEBUG_INFORMATION_FORMAT = "dwarf-with-dsym";
				ENABLE_NS_ASSERTIONS = NO;
				ENABLE_STRICT_OBJC_MSGSEND = YES;
				GCC_C_LANGUAGE_STANDARD = gnu11;
				GCC_NO_COMMON_BLOCKS = YES;
				GCC_WARN_64_TO_32_BIT_CONVERSION = YES;
				GCC_WARN_ABOUT_RETURN_TYPE = YES_ERROR;
				GCC_WARN_UNDECLARED_SELECTOR = YES;
				GCC_WARN_UNINITIALIZED_AUTOS = YES_AGGRESSIVE;
				GCC_WARN_UNUSED_FUNCTION = YES;
				GCC_WARN_UNUSED_VARIABLE = YES;
				IPHONEOS_DEPLOYMENT_TARGET = 15.5;
				MTL_ENABLE_DEBUG_INFO = NO;
				MTL_FAST_MATH = YES;
				SDKROOT = iphoneos;
				SWIFT_COMPILATION_MODE = wholemodule;
				SWIFT_OPTIMIZATION_LEVEL = "-O";
				VALIDATE_PRODUCT = YES;
			};
			name = Release;
		};
		1CE5408B2846A9D300F051D7 /* Debug */ = {
			isa = XCBuildConfiguration;
			buildSettings = {
				ASSETCATALOG_COMPILER_APPICON_NAME = AppIcon;
				ASSETCATALOG_COMPILER_GLOBAL_ACCENT_COLOR_NAME = AccentColor;
				CODE_SIGN_STYLE = Automatic;
				CURRENT_PROJECT_VERSION = 1;
				DEVELOPMENT_ASSET_PATHS = "\"Trackuccino/Preview Content\"";
				DEVELOPMENT_TEAM = SSP39DH6P5;
				ENABLE_PREVIEWS = YES;
				GENERATE_INFOPLIST_FILE = YES;
				INFOPLIST_KEY_UIApplicationSceneManifest_Generation = YES;
				INFOPLIST_KEY_UIApplicationSupportsIndirectInputEvents = YES;
				INFOPLIST_KEY_UILaunchScreen_Generation = YES;
				INFOPLIST_KEY_UISupportedInterfaceOrientations_iPad = "UIInterfaceOrientationPortrait UIInterfaceOrientationPortraitUpsideDown UIInterfaceOrientationLandscapeLeft UIInterfaceOrientationLandscapeRight";
				INFOPLIST_KEY_UISupportedInterfaceOrientations_iPhone = "UIInterfaceOrientationPortrait UIInterfaceOrientationLandscapeLeft UIInterfaceOrientationLandscapeRight";
				LD_RUNPATH_SEARCH_PATHS = (
					"$(inherited)",
					"@executable_path/Frameworks",
				);
				MARKETING_VERSION = 1.0;
				PRODUCT_BUNDLE_IDENTIFIER = com.rowenpeebles.Trackuccino;
				PRODUCT_NAME = "$(TARGET_NAME)";
				SWIFT_EMIT_LOC_STRINGS = YES;
				SWIFT_VERSION = 5.0;
				TARGETED_DEVICE_FAMILY = "1,2";
			};
			name = Debug;
		};
		1CE5408C2846A9D300F051D7 /* Release */ = {
			isa = XCBuildConfiguration;
			buildSettings = {
				ASSETCATALOG_COMPILER_APPICON_NAME = AppIcon;
				ASSETCATALOG_COMPILER_GLOBAL_ACCENT_COLOR_NAME = AccentColor;
				CODE_SIGN_STYLE = Automatic;
				CURRENT_PROJECT_VERSION = 1;
				DEVELOPMENT_ASSET_PATHS = "\"Trackuccino/Preview Content\"";
				DEVELOPMENT_TEAM = SSP39DH6P5;
				ENABLE_PREVIEWS = YES;
				GENERATE_INFOPLIST_FILE = YES;
				INFOPLIST_KEY_UIApplicationSceneManifest_Generation = YES;
				INFOPLIST_KEY_UIApplicationSupportsIndirectInputEvents = YES;
				INFOPLIST_KEY_UILaunchScreen_Generation = YES;
				INFOPLIST_KEY_UISupportedInterfaceOrientations_iPad = "UIInterfaceOrientationPortrait UIInterfaceOrientationPortraitUpsideDown UIInterfaceOrientationLandscapeLeft UIInterfaceOrientationLandscapeRight";
				INFOPLIST_KEY_UISupportedInterfaceOrientations_iPhone = "UIInterfaceOrientationPortrait UIInterfaceOrientationLandscapeLeft UIInterfaceOrientationLandscapeRight";
				LD_RUNPATH_SEARCH_PATHS = (
					"$(inherited)",
					"@executable_path/Frameworks",
				);
				MARKETING_VERSION = 1.0;
				PRODUCT_BUNDLE_IDENTIFIER = com.rowenpeebles.Trackuccino;
				PRODUCT_NAME = "$(TARGET_NAME)";
				SWIFT_EMIT_LOC_STRINGS = YES;
				SWIFT_VERSION = 5.0;
				TARGETED_DEVICE_FAMILY = "1,2";
			};
			name = Release;
		};
		1CE5408E2846A9D300F051D7 /* Debug */ = {
			isa = XCBuildConfiguration;
			buildSettings = {
				ALWAYS_EMBED_SWIFT_STANDARD_LIBRARIES = YES;
				BUNDLE_LOADER = "$(TEST_HOST)";
				CODE_SIGN_STYLE = Automatic;
				CURRENT_PROJECT_VERSION = 1;
				DEVELOPMENT_TEAM = SSP39DH6P5;
				GENERATE_INFOPLIST_FILE = YES;
				IPHONEOS_DEPLOYMENT_TARGET = 15.5;
				MARKETING_VERSION = 1.0;
				PRODUCT_BUNDLE_IDENTIFIER = com.rowenpeebles.TrackuccinoTests;
				PRODUCT_NAME = "$(TARGET_NAME)";
				SWIFT_EMIT_LOC_STRINGS = NO;
				SWIFT_VERSION = 5.0;
				TARGETED_DEVICE_FAMILY = "1,2";
				TEST_HOST = "$(BUILT_PRODUCTS_DIR)/Trackuccino.app/Trackuccino";
			};
			name = Debug;
		};
		1CE5408F2846A9D300F051D7 /* Release */ = {
			isa = XCBuildConfiguration;
			buildSettings = {
				ALWAYS_EMBED_SWIFT_STANDARD_LIBRARIES = YES;
				BUNDLE_LOADER = "$(TEST_HOST)";
				CODE_SIGN_STYLE = Automatic;
				CURRENT_PROJECT_VERSION = 1;
				DEVELOPMENT_TEAM = SSP39DH6P5;
				GENERATE_INFOPLIST_FILE = YES;
				IPHONEOS_DEPLOYMENT_TARGET = 15.5;
				MARKETING_VERSION = 1.0;
				PRODUCT_BUNDLE_IDENTIFIER = com.rowenpeebles.TrackuccinoTests;
				PRODUCT_NAME = "$(TARGET_NAME)";
				SWIFT_EMIT_LOC_STRINGS = NO;
				SWIFT_VERSION = 5.0;
				TARGETED_DEVICE_FAMILY = "1,2";
				TEST_HOST = "$(BUILT_PRODUCTS_DIR)/Trackuccino.app/Trackuccino";
			};
			name = Release;
		};
		1CE540912846A9D300F051D7 /* Debug */ = {
			isa = XCBuildConfiguration;
			buildSettings = {
				ALWAYS_EMBED_SWIFT_STANDARD_LIBRARIES = YES;
				CODE_SIGN_STYLE = Automatic;
				CURRENT_PROJECT_VERSION = 1;
				DEVELOPMENT_TEAM = SSP39DH6P5;
				GENERATE_INFOPLIST_FILE = YES;
				MARKETING_VERSION = 1.0;
				PRODUCT_BUNDLE_IDENTIFIER = com.rowenpeebles.TrackuccinoUITests;
				PRODUCT_NAME = "$(TARGET_NAME)";
				SWIFT_EMIT_LOC_STRINGS = NO;
				SWIFT_VERSION = 5.0;
				TARGETED_DEVICE_FAMILY = "1,2";
				TEST_TARGET_NAME = Trackuccino;
			};
			name = Debug;
		};
		1CE540922846A9D300F051D7 /* Release */ = {
			isa = XCBuildConfiguration;
			buildSettings = {
				ALWAYS_EMBED_SWIFT_STANDARD_LIBRARIES = YES;
				CODE_SIGN_STYLE = Automatic;
				CURRENT_PROJECT_VERSION = 1;
				DEVELOPMENT_TEAM = SSP39DH6P5;
				GENERATE_INFOPLIST_FILE = YES;
				MARKETING_VERSION = 1.0;
				PRODUCT_BUNDLE_IDENTIFIER = com.rowenpeebles.TrackuccinoUITests;
				PRODUCT_NAME = "$(TARGET_NAME)";
				SWIFT_EMIT_LOC_STRINGS = NO;
				SWIFT_VERSION = 5.0;
				TARGETED_DEVICE_FAMILY = "1,2";
				TEST_TARGET_NAME = Trackuccino;
			};
			name = Release;
		};
/* End XCBuildConfiguration section */

/* Begin XCConfigurationList section */
		1CE540612846A9D200F051D7 /* Build configuration list for PBXProject "Trackuccino" */ = {
			isa = XCConfigurationList;
			buildConfigurations = (
				1CE540882846A9D300F051D7 /* Debug */,
				1CE540892846A9D300F051D7 /* Release */,
			);
			defaultConfigurationIsVisible = 0;
			defaultConfigurationName = Release;
		};
		1CE5408A2846A9D300F051D7 /* Build configuration list for PBXNativeTarget "Trackuccino" */ = {
			isa = XCConfigurationList;
			buildConfigurations = (
				1CE5408B2846A9D300F051D7 /* Debug */,
				1CE5408C2846A9D300F051D7 /* Release */,
			);
			defaultConfigurationIsVisible = 0;
			defaultConfigurationName = Release;
		};
		1CE5408D2846A9D300F051D7 /* Build configuration list for PBXNativeTarget "TrackuccinoTests" */ = {
			isa = XCConfigurationList;
			buildConfigurations = (
				1CE5408E2846A9D300F051D7 /* Debug */,
				1CE5408F2846A9D300F051D7 /* Release */,
			);
			defaultConfigurationIsVisible = 0;
			defaultConfigurationName = Release;
		};
		1CE540902846A9D300F051D7 /* Build configuration list for PBXNativeTarget "TrackuccinoUITests" */ = {
			isa = XCConfigurationList;
			buildConfigurations = (
				1CE540912846A9D300F051D7 /* Debug */,
				1CE540922846A9D300F051D7 /* Release */,
			);
			defaultConfigurationIsVisible = 0;
			defaultConfigurationName = Release;
		};
/* End XCConfigurationList section */
	};
	rootObject = 1CE5405E2846A9D200F051D7 /* Project object */;
}
